
Microsoft Visual Studio Solution File, Format Version 12.00
# Visual Studio 2013
VisualStudioVersion = 12.0.30501.0
MinimumVisualStudioVersion = 10.0.40219.1
Project("{FAE04EC0-301F-11D3-BF4B-00C04F79EFBC}") = "MEPInWCF", "MEPInWCF\MEPInWCF.csproj", "{99F0B340-99D4-487C-8E8B-300488BD29DC}"
EndProject
Project("{E24C65DC-7377-472B-9ABA-BC803B73C61A}") = "MEPInWCFClient", "http://localhost:2030", "{08C60169-09F8-4FB0-9732-BF5BD7B38BA7}"
	ProjectSection(WebsiteProperties) = preProject
		UseIISExpress = "true"
		TargetFrameworkMoniker = ".NETFramework,Version%3Dv4.5"
		Debug.AspNetCompiler.VirtualPath = "/localhost_2030"
		Debug.AspNetCompiler.PhysicalPath = "..\MEPInWCFClient\"
		Debug.AspNetCompiler.TargetPath = "PrecompiledWeb\localhost_2030\"
		Debug.AspNetCompiler.Updateable = "true"
		Debug.AspNetCompiler.ForceOverwrite = "true"
		Debug.AspNetCompiler.FixedNames = "false"
		Debug.AspNetCompiler.Debug = "True"
		Release.AspNetCompiler.VirtualPath = "/localhost_2030"
		Release.AspNetCompiler.PhysicalPath = "..\MEPInWCFClient\"
		Release.AspNetCompiler.TargetPath = "PrecompiledWeb\localhost_2030\"
		Release.AspNetCompiler.Updateable = "true"
		Release.AspNetCompiler.ForceOverwrite = "true"
		Release.AspNetCompiler.FixedNames = "false"
		Release.AspNetCompiler.Debug = "False"
		SlnRelativePath = "..\MEPInWCFClient\"
		DefaultWebSiteLanguage = "Visual C#"
	EndProjectSection
EndProject
Project("{FAE04EC0-301F-11D3-BF4B-00C04F79EFBC}") = "MEPInWCFLibrary", "..\MEPInWCFLibrary\MEPInWCFLibrary.csproj", "{A167E3BA-3900-4845-BA04-6D7BB50CF91E}"
EndProject
Global
	GlobalSection(SolutionConfigurationPlatforms) = preSolution
		Debug|Any CPU = Debug|Any CPU
		Release|Any CPU = Release|Any CPU
	EndGlobalSection
	GlobalSection(ProjectConfigurationPlatforms) = postSolution
		{99F0B340-99D4-487C-8E8B-300488BD29DC}.Debug|Any CPU.ActiveCfg = Debug|Any CPU
		{99F0B340-99D4-487C-8E8B-300488BD29DC}.Debug|Any CPU.Build.0 = Debug|Any CPU
		{99F0B340-99D4-487C-8E8B-300488BD29DC}.Release|Any CPU.ActiveCfg = Release|Any CPU
		{99F0B340-99D4-487C-8E8B-300488BD29DC}.Release|Any CPU.Build.0 = Release|Any CPU
		{08C60169-09F8-4FB0-9732-BF5BD7B38BA7}.Debug|Any CPU.ActiveCfg = Debug|Any CPU
		{08C60169-09F8-4FB0-9732-BF5BD7B38BA7}.Debug|Any CPU.Build.0 = Debug|Any CPU
		{08C60169-09F8-4FB0-9732-BF5BD7B38BA7}.Release|Any CPU.ActiveCfg = Debug|Any CPU
		{08C60169-09F8-4FB0-9732-BF5BD7B38BA7}.Release|Any CPU.Build.0 = Debug|Any CPU
		{A167E3BA-3900-4845-BA04-6D7BB50CF91E}.Debug|Any CPU.ActiveCfg = Debug|Any CPU
		{A167E3BA-3900-4845-BA04-6D7BB50CF91E}.Debug|Any CPU.Build.0 = Debug|Any CPU
		{A167E3BA-3900-4845-BA04-6D7BB50CF91E}.Release|Any CPU.ActiveCfg = Release|Any CPU
		{A167E3BA-3900-4845-BA04-6D7BB50CF91E}.Release|Any CPU.Build.0 = Release|Any CPU
	EndGlobalSection
	GlobalSection(SolutionProperties) = preSolution
		HideSolutionNode = FALSE
	EndGlobalSection
EndGlobal
